
Microsoft Visual Studio Solution File, Format Version 12.00
# Visual Studio Version 16
VisualStudioVersion = 16.0.30523.141
MinimumVisualStudioVersion = 10.0.40219.1
Project("{FAE04EC0-301F-11D3-BF4B-00C04F79EFBC}") = "ReprezentacjaPolski2", "ReprezentacjaPolski2\ReprezentacjaPolski2.csproj", "{D0ECE0AA-8305-43F6-B48D-E2F5494B667B}"
EndProject
Global
	GlobalSection(SolutionConfigurationPlatforms) = preSolution
		Debug|Any CPU = Debug|Any CPU
		Release|Any CPU = Release|Any CPU
	EndGlobalSection
	GlobalSection(ProjectConfigurationPlatforms) = postSolution
		{D0ECE0AA-8305-43F6-B48D-E2F5494B667B}.Debug|Any CPU.ActiveCfg = Debug|Any CPU
		{D0ECE0AA-8305-43F6-B48D-E2F5494B667B}.Debug|Any CPU.Build.0 = Debug|Any CPU
		{D0ECE0AA-8305-43F6-B48D-E2F5494B667B}.Release|Any CPU.ActiveCfg = Release|Any CPU
		{D0ECE0AA-8305-43F6-B48D-E2F5494B667B}.Release|Any CPU.Build.0 = Release|Any CPU
	EndGlobalSection
	GlobalSection(SolutionProperties) = preSolution
		HideSolutionNode = FALSE
	EndGlobalSection
	GlobalSection(ExtensibilityGlobals) = postSolution
		SolutionGuid = {D04D8B3D-E868-4302-A401-3C39D5587C00}
	EndGlobalSection
EndGlobal
